{
  "nodes": {
    "nixpkgs": {
      "locked": {
        "lastModified": 1765762245,
        "narHash": "sha256-3iXM/zTqEskWtmZs3gqNiVtRTsEjYAedIaLL0mSBsrk=",
        "owner": "NixOS",
        "repo": "nixpkgs",
        "rev": "c8cfcd6ccd422e41cc631a0b73ed4d5a925c393d",
        "type": "github"
      },
      "original": {
        "owner": "NixOS",
        "ref": "nixos-25.11",
        "repo": "nixpkgs",
        "type": "github"
      }
    },
    "rNvim": {
      "flake": false,
      "locked": {
        "lastModified": 1764611107,
        "narHash": "sha256-THBmKJAepGP7Pf/6HLphT1F5278R3G3N3KAkkch/veo=",
        "owner": "R-nvim",
        "repo": "R.nvim",
        "rev": "eff6229d3c8aee21fec3c42415e679a580872e53",
        "type": "github"
      },
      "original": {
        "owner": "R-nvim",
        "repo": "R.nvim",
        "type": "github"
      }
    },
    "root": {
      "inputs": {
        "nixpkgs": "nixpkgs",
        "rNvim": "rNvim"
      }
    }
  },
  "root": "root",
  "version": 7
}
